// !$*UTF8*$!
{
	archiveVersion = 1;
	classes = {
	};
	objectVersion = 60;
	objects = {

/* Begin PBXBuildFile section */
		AA000001 /* AawaazApp.swift in Sources */ = {isa = PBXBuildFile; fileRef = AA100001 /* AawaazApp.swift */; };
		AA000002 /* AppState.swift in Sources */ = {isa = PBXBuildFile; fileRef = AA100002 /* AppState.swift */; };
		AA000003 /* MenuBarView.swift in Sources */ = {isa = PBXBuildFile; fileRef = AA100003 /* MenuBarView.swift */; };
		AA000004 /* SettingsView.swift in Sources */ = {isa = PBXBuildFile; fileRef = AA100004 /* SettingsView.swift */; };
		AA000005 /* Assets.xcassets in Resources */ = {isa = PBXBuildFile; fileRef = AA100005 /* Assets.xcassets */; };
		AA000010 /* AudioCaptureManager.swift in Sources */ = {isa = PBXBuildFile; fileRef = AA100010 /* AudioCaptureManager.swift */; };
		AA000011 /* AudioDevice.swift in Sources */ = {isa = PBXBuildFile; fileRef = AA100011 /* AudioDevice.swift */; };
		AA000012 /* VADProcessor.swift in Sources */ = {isa = PBXBuildFile; fileRef = AA100012 /* VADProcessor.swift */; };
		AA000013 /* VADState.swift in Sources */ = {isa = PBXBuildFile; fileRef = AA100013 /* VADState.swift */; };
		AA000014 /* silero_vad.onnx in Resources */ = {isa = PBXBuildFile; fileRef = AA100014 /* silero_vad.onnx */; };
		AA000015 /* ModelManager.swift in Sources */ = {isa = PBXBuildFile; fileRef = AA100015 /* ModelManager.swift */; };
		AA000016 /* ModelCatalog.swift in Sources */ = {isa = PBXBuildFile; fileRef = AA100016 /* ModelCatalog.swift */; };
		AA000017 /* WhisperManager.swift in Sources */ = {isa = PBXBuildFile; fileRef = AA100017 /* WhisperManager.swift */; };
		AA000018 /* ModelDownloadView.swift in Sources */ = {isa = PBXBuildFile; fileRef = AA100018 /* ModelDownloadView.swift */; };
		AA000019 /* TranscriptionPipeline.swift in Sources */ = {isa = PBXBuildFile; fileRef = AA100019 /* TranscriptionPipeline.swift */; };
		AA000020 /* onnxruntime in Frameworks */ = {isa = PBXBuildFile; productRef = AA900010 /* onnxruntime */; };
		AA000021 /* whisper in Frameworks */ = {isa = PBXBuildFile; productRef = AA900020 /* whisper */; };
		AA000030 /* OverlayView.swift in Sources */ = {isa = PBXBuildFile; fileRef = AA100030 /* OverlayView.swift */; };
		AA000031 /* OverlayWindowController.swift in Sources */ = {isa = PBXBuildFile; fileRef = AA100031 /* OverlayWindowController.swift */; };
		AA000032 /* HotkeyConfiguration.swift in Sources */ = {isa = PBXBuildFile; fileRef = AA100032 /* HotkeyConfiguration.swift */; };
		AA000033 /* HotkeyManager.swift in Sources */ = {isa = PBXBuildFile; fileRef = AA100033 /* HotkeyManager.swift */; };
		AA000034 /* PermissionsManager.swift in Sources */ = {isa = PBXBuildFile; fileRef = AA100034 /* PermissionsManager.swift */; };
		AA000035 /* OnboardingView.swift in Sources */ = {isa = PBXBuildFile; fileRef = AA100035 /* OnboardingView.swift */; };
		AA000036 /* AppDelegate.swift in Sources */ = {isa = PBXBuildFile; fileRef = AA100036 /* AppDelegate.swift */; };
/* End PBXBuildFile section */

/* Begin PBXFileReference section */
		AA100001 /* AawaazApp.swift */ = {isa = PBXFileReference; lastKnownFileType = sourcecode.swift; path = AawaazApp.swift; sourceTree = "<group>"; };
		AA100002 /* AppState.swift */ = {isa = PBXFileReference; lastKnownFileType = sourcecode.swift; path = AppState.swift; sourceTree = "<group>"; };
		AA100003 /* MenuBarView.swift */ = {isa = PBXFileReference; lastKnownFileType = sourcecode.swift; path = MenuBarView.swift; sourceTree = "<group>"; };
		AA100004 /* SettingsView.swift */ = {isa = PBXFileReference; lastKnownFileType = sourcecode.swift; path = SettingsView.swift; sourceTree = "<group>"; };
		AA100005 /* Assets.xcassets */ = {isa = PBXFileReference; lastKnownFileType = folder.assetcatalog; path = Assets.xcassets; sourceTree = "<group>"; };
		AA100006 /* Info.plist */ = {isa = PBXFileReference; lastKnownFileType = text.plist.xml; path = Info.plist; sourceTree = "<group>"; };
		AA100007 /* Aawaaz.entitlements */ = {isa = PBXFileReference; lastKnownFileType = text.plist.entitlements; path = Aawaaz.entitlements; sourceTree = "<group>"; };
		AA100008 /* Aawaaz.app */ = {isa = PBXFileReference; explicitFileType = wrapper.application; includeInIndex = 0; path = Aawaaz.app; sourceTree = BUILT_PRODUCTS_DIR; };
		AA100009 /* Package.swift */ = {isa = PBXFileReference; lastKnownFileType = sourcecode.swift; path = Package.swift; sourceTree = "<group>"; };
		AA100010 /* AudioCaptureManager.swift */ = {isa = PBXFileReference; lastKnownFileType = sourcecode.swift; path = AudioCaptureManager.swift; sourceTree = "<group>"; };
		AA100011 /* AudioDevice.swift */ = {isa = PBXFileReference; lastKnownFileType = sourcecode.swift; path = AudioDevice.swift; sourceTree = "<group>"; };
		AA100012 /* VADProcessor.swift */ = {isa = PBXFileReference; lastKnownFileType = sourcecode.swift; path = VADProcessor.swift; sourceTree = "<group>"; };
		AA100013 /* VADState.swift */ = {isa = PBXFileReference; lastKnownFileType = sourcecode.swift; path = VADState.swift; sourceTree = "<group>"; };
		AA100014 /* silero_vad.onnx */ = {isa = PBXFileReference; lastKnownFileType = file; path = silero_vad.onnx; sourceTree = "<group>"; };
		AA100015 /* ModelManager.swift */ = {isa = PBXFileReference; lastKnownFileType = sourcecode.swift; path = ModelManager.swift; sourceTree = "<group>"; };
		AA100016 /* ModelCatalog.swift */ = {isa = PBXFileReference; lastKnownFileType = sourcecode.swift; path = ModelCatalog.swift; sourceTree = "<group>"; };
		AA100017 /* WhisperManager.swift */ = {isa = PBXFileReference; lastKnownFileType = sourcecode.swift; path = WhisperManager.swift; sourceTree = "<group>"; };
		AA100018 /* ModelDownloadView.swift */ = {isa = PBXFileReference; lastKnownFileType = sourcecode.swift; path = ModelDownloadView.swift; sourceTree = "<group>"; };
		AA100019 /* TranscriptionPipeline.swift */ = {isa = PBXFileReference; lastKnownFileType = sourcecode.swift; path = TranscriptionPipeline.swift; sourceTree = "<group>"; };
		AA100030 /* OverlayView.swift */ = {isa = PBXFileReference; lastKnownFileType = sourcecode.swift; path = OverlayView.swift; sourceTree = "<group>"; };
		AA100031 /* OverlayWindowController.swift */ = {isa = PBXFileReference; lastKnownFileType = sourcecode.swift; path = OverlayWindowController.swift; sourceTree = "<group>"; };
		AA100032 /* HotkeyConfiguration.swift */ = {isa = PBXFileReference; lastKnownFileType = sourcecode.swift; path = HotkeyConfiguration.swift; sourceTree = "<group>"; };
		AA100033 /* HotkeyManager.swift */ = {isa = PBXFileReference; lastKnownFileType = sourcecode.swift; path = HotkeyManager.swift; sourceTree = "<group>"; };
		AA100034 /* PermissionsManager.swift */ = {isa = PBXFileReference; lastKnownFileType = sourcecode.swift; path = PermissionsManager.swift; sourceTree = "<group>"; };
		AA100035 /* OnboardingView.swift */ = {isa = PBXFileReference; lastKnownFileType = sourcecode.swift; path = OnboardingView.swift; sourceTree = "<group>"; };
		AA100036 /* AppDelegate.swift */ = {isa = PBXFileReference; lastKnownFileType = sourcecode.swift; path = AppDelegate.swift; sourceTree = "<group>"; };
/* End PBXFileReference section */

/* Begin PBXFrameworksBuildPhase section */
		AA200001 /* Frameworks */ = {
			isa = PBXFrameworksBuildPhase;
			buildActionMask = 2147483647;
			files = (
				AA000020 /* onnxruntime in Frameworks */,
				AA000021 /* whisper in Frameworks */,
			);
			runOnlyForDeploymentPostprocessing = 0;
		};
/* End PBXFrameworksBuildPhase section */

/* Begin PBXGroup section */
		AA300000 = {
			isa = PBXGroup;
			children = (
				AA300001 /* Aawaaz */,
				AA300005 /* Resources */,
				AA300010 /* Products */,
			);
			sourceTree = "<group>";
		};
		AA300001 /* Aawaaz */ = {
			isa = PBXGroup;
			children = (
				AA100006 /* Info.plist */,
				AA100007 /* Aawaaz.entitlements */,
				AA100009 /* Package.swift */,
				AA300002 /* App */,
				AA300003 /* Views */,
				AA300004 /* Audio */,
				AA300006 /* VAD */,
				AA300007 /* Models */,
				AA300008 /* Transcription */,
				AA300009 /* Hotkey */,
				AA300011 /* Permissions */,
			);
			name = Aawaaz;
			sourceTree = "<group>";
		};
		AA300002 /* App */ = {
			isa = PBXGroup;
			children = (
				AA100001 /* AawaazApp.swift */,
				AA100002 /* AppState.swift */,
				AA100036 /* AppDelegate.swift */,
			);
			path = App;
			sourceTree = "<group>";
		};
		AA300003 /* Views */ = {
			isa = PBXGroup;
			children = (
				AA100003 /* MenuBarView.swift */,
				AA100004 /* SettingsView.swift */,
				AA100018 /* ModelDownloadView.swift */,
				AA100030 /* OverlayView.swift */,
				AA100031 /* OverlayWindowController.swift */,
				AA100035 /* OnboardingView.swift */,
			);
			path = Views;
			sourceTree = "<group>";
		};
		AA300004 /* Audio */ = {
			isa = PBXGroup;
			children = (
				AA100010 /* AudioCaptureManager.swift */,
				AA100011 /* AudioDevice.swift */,
			);
			path = Audio;
			sourceTree = "<group>";
		};
		AA300005 /* Resources */ = {
			isa = PBXGroup;
			children = (
				AA100005 /* Assets.xcassets */,
				AA100014 /* silero_vad.onnx */,
			);
			path = Resources;
			sourceTree = "<group>";
		};
		AA300006 /* VAD */ = {
			isa = PBXGroup;
			children = (
				AA100012 /* VADProcessor.swift */,
				AA100013 /* VADState.swift */,
			);
			path = VAD;
			sourceTree = "<group>";
		};
		AA300007 /* Models */ = {
			isa = PBXGroup;
			children = (
				AA100015 /* ModelManager.swift */,
				AA100016 /* ModelCatalog.swift */,
			);
			path = Models;
			sourceTree = "<group>";
		};
		AA300008 /* Transcription */ = {
			isa = PBXGroup;
			children = (
				AA100017 /* WhisperManager.swift */,
				AA100019 /* TranscriptionPipeline.swift */,
			);
			path = Transcription;
			sourceTree = "<group>";
		};
		AA300009 /* Hotkey */ = {
			isa = PBXGroup;
			children = (
				AA100032 /* HotkeyConfiguration.swift */,
				AA100033 /* HotkeyManager.swift */,
			);
			path = Hotkey;
			sourceTree = "<group>";
		};
		AA300010 /* Products */ = {
			isa = PBXGroup;
			children = (
				AA100008 /* Aawaaz.app */,
			);
			name = Products;
			sourceTree = "<group>";
		};
		AA300011 /* Permissions */ = {
			isa = PBXGroup;
			children = (
				AA100034 /* PermissionsManager.swift */,
			);
			path = Permissions;
			sourceTree = "<group>";
		};
/* End PBXGroup section */

/* Begin PBXNativeTarget section */
		AA400001 /* Aawaaz */ = {
			isa = PBXNativeTarget;
			buildConfigurationList = AA600001 /* Build configuration list for PBXNativeTarget "Aawaaz" */;
			buildPhases = (
				AA500001 /* Sources */,
				AA200001 /* Frameworks */,
				AA500002 /* Resources */,
			);
			buildRules = (
			);
			dependencies = (
			);
			name = Aawaaz;
			packageProductDependencies = (
				AA900010 /* onnxruntime */,
				AA900020 /* whisper */,
			);
			productName = Aawaaz;
			productReference = AA100008 /* Aawaaz.app */;
			productType = "com.apple.product-type.application";
		};
/* End PBXNativeTarget section */

/* Begin PBXProject section */
		AA800001 /* Project object */ = {
			isa = PBXProject;
			attributes = {
				BuildIndependentTargetsInParallel = 1;
				LastSwiftUpdateCheck = 1500;
				LastUpgradeCheck = 2610;
				TargetAttributes = {
					AA400001 = {
						CreatedOnToolsVersion = 15.0;
					};
				};
			};
			buildConfigurationList = AA600010 /* Build configuration list for PBXProject "Aawaaz" */;
			compatibilityVersion = "Xcode 14.0";
			developmentRegion = en;
			hasScannedForEncodings = 0;
			knownRegions = (
				en,
				Base,
			);
			mainGroup = AA300000;
			packageReferences = (
				AA900001 /* XCRemoteSwiftPackageReference "onnxruntime-swift-package-manager" */,
				AA900002 /* XCLocalSwiftPackageReference "." */,
			);
			productRefGroup = AA300010 /* Products */;
			projectDirPath = "";
			projectRoot = "";
			targets = (
				AA400001 /* Aawaaz */,
			);
		};
/* End PBXProject section */

/* Begin PBXResourcesBuildPhase section */
		AA500002 /* Resources */ = {
			isa = PBXResourcesBuildPhase;
			buildActionMask = 2147483647;
			files = (
				AA000005 /* Assets.xcassets in Resources */,
				AA000014 /* silero_vad.onnx in Resources */,
			);
			runOnlyForDeploymentPostprocessing = 0;
		};
/* End PBXResourcesBuildPhase section */

/* Begin PBXSourcesBuildPhase section */
		AA500001 /* Sources */ = {
			isa = PBXSourcesBuildPhase;
			buildActionMask = 2147483647;
			files = (
				AA000001 /* AawaazApp.swift in Sources */,
				AA000002 /* AppState.swift in Sources */,
				AA000003 /* MenuBarView.swift in Sources */,
				AA000004 /* SettingsView.swift in Sources */,
				AA000010 /* AudioCaptureManager.swift in Sources */,
				AA000011 /* AudioDevice.swift in Sources */,
				AA000012 /* VADProcessor.swift in Sources */,
				AA000013 /* VADState.swift in Sources */,
				AA000015 /* ModelManager.swift in Sources */,
				AA000016 /* ModelCatalog.swift in Sources */,
				AA000017 /* WhisperManager.swift in Sources */,
				AA000018 /* ModelDownloadView.swift in Sources */,
				AA000019 /* TranscriptionPipeline.swift in Sources */,
				AA000030 /* OverlayView.swift in Sources */,
				AA000031 /* OverlayWindowController.swift in Sources */,
				AA000032 /* HotkeyConfiguration.swift in Sources */,
				AA000033 /* HotkeyManager.swift in Sources */,
				AA000034 /* PermissionsManager.swift in Sources */,
				AA000035 /* OnboardingView.swift in Sources */,
				AA000036 /* AppDelegate.swift in Sources */,
			);
			runOnlyForDeploymentPostprocessing = 0;
		};
/* End PBXSourcesBuildPhase section */

/* Begin XCBuildConfiguration section */
		AA700001 /* Debug */ = {
			isa = XCBuildConfiguration;
			buildSettings = {
				ALWAYS_SEARCH_USER_PATHS = NO;
				ASSETCATALOG_COMPILER_GENERATE_SWIFT_ASSET_SYMBOL_EXTENSIONS = YES;
				CLANG_ANALYZER_NONNULL = YES;
				CLANG_ANALYZER_NUMBER_OBJECT_CONVERSION = YES_AGGRESSIVE;
				CLANG_CXX_LANGUAGE_STANDARD = "gnu++20";
				CLANG_ENABLE_MODULES = YES;
				CLANG_ENABLE_OBJC_ARC = YES;
				CLANG_ENABLE_OBJC_WEAK = YES;
				CLANG_WARN_BLOCK_CAPTURE_AUTORELEASING = YES;
				CLANG_WARN_BOOL_CONVERSION = YES;
				CLANG_WARN_COMMA = YES;
				CLANG_WARN_CONSTANT_CONVERSION = YES;
				CLANG_WARN_DEPRECATED_OBJC_IMPLEMENTATIONS = YES;
				CLANG_WARN_DIRECT_OBJC_ISA_USAGE = YES_ERROR;
				CLANG_WARN_DOCUMENTATION_COMMENTS = YES;
				CLANG_WARN_EMPTY_BODY = YES;
				CLANG_WARN_ENUM_CONVERSION = YES;
				CLANG_WARN_INFINITE_RECURSION = YES;
				CLANG_WARN_INT_CONVERSION = YES;
				CLANG_WARN_NON_LITERAL_NULL_CONVERSION = YES;
				CLANG_WARN_OBJC_IMPLICIT_RETAIN_SELF = YES;
				CLANG_WARN_OBJC_LITERAL_CONVERSION = YES;
				CLANG_WARN_OBJC_ROOT_CLASS = YES_ERROR;
				CLANG_WARN_QUOTED_INCLUDE_IN_FRAMEWORK_HEADER = YES;
				CLANG_WARN_RANGE_LOOP_ANALYSIS = YES;
				CLANG_WARN_STRICT_PROTOTYPES = YES;
				CLANG_WARN_SUSPICIOUS_MOVE = YES;
				CLANG_WARN_UNGUARDED_AVAILABILITY = YES_AGGRESSIVE;
				CLANG_WARN_UNREACHABLE_CODE = YES;
				CLANG_WARN__DUPLICATE_METHOD_MATCH = YES;
				COPY_PHASE_STRIP = NO;
				DEAD_CODE_STRIPPING = YES;
				DEBUG_INFORMATION_FORMAT = dwarf;
				ENABLE_STRICT_OBJC_MSGSEND = YES;
				ENABLE_TESTABILITY = YES;
				ENABLE_USER_SCRIPT_SANDBOXING = YES;
				GCC_C_LANGUAGE_STANDARD = gnu17;
				GCC_DYNAMIC_NO_PIC = NO;
				GCC_NO_COMMON_BLOCKS = YES;
				GCC_OPTIMIZATION_LEVEL = 0;
				GCC_PREPROCESSOR_DEFINITIONS = (
					"DEBUG=1",
					"$(inherited)",
				);
				GCC_WARN_64_TO_32_BIT_CONVERSION = YES;
				GCC_WARN_ABOUT_RETURN_TYPE = YES_ERROR;
				GCC_WARN_UNDECLARED_SELECTOR = YES;
				GCC_WARN_UNINITIALIZED_AUTOS = YES_AGGRESSIVE;
				GCC_WARN_UNUSED_FUNCTION = YES;
				GCC_WARN_UNUSED_VARIABLE = YES;
				MACOSX_DEPLOYMENT_TARGET = 14.0;
				MTL_ENABLE_DEBUG_INFO = INCLUDE_SOURCE;
				MTL_FAST_MATH = YES;
				ONLY_ACTIVE_ARCH = YES;
				SDKROOT = macosx;
				STRING_CATALOG_GENERATE_SYMBOLS = YES;
				SWIFT_ACTIVE_COMPILATION_CONDITIONS = "DEBUG $(inherited)";
				SWIFT_OPTIMIZATION_LEVEL = "-Onone";
			};
			name = Debug;
		};
		AA700002 /* Release */ = {
			isa = XCBuildConfiguration;
			buildSettings = {
				ALWAYS_SEARCH_USER_PATHS = NO;
				ASSETCATALOG_COMPILER_GENERATE_SWIFT_ASSET_SYMBOL_EXTENSIONS = YES;
				CLANG_ANALYZER_NONNULL = YES;
				CLANG_ANALYZER_NUMBER_OBJECT_CONVERSION = YES_AGGRESSIVE;
				CLANG_CXX_LANGUAGE_STANDARD = "gnu++20";
				CLANG_ENABLE_MODULES = YES;
				CLANG_ENABLE_OBJC_ARC = YES;
				CLANG_ENABLE_OBJC_WEAK = YES;
				CLANG_WARN_BLOCK_CAPTURE_AUTORELEASING = YES;
				CLANG_WARN_BOOL_CONVERSION = YES;
				CLANG_WARN_COMMA = YES;
				CLANG_WARN_CONSTANT_CONVERSION = YES;
				CLANG_WARN_DEPRECATED_OBJC_IMPLEMENTATIONS = YES;
				CLANG_WARN_DIRECT_OBJC_ISA_USAGE = YES_ERROR;
				CLANG_WARN_DOCUMENTATION_COMMENTS = YES;
				CLANG_WARN_EMPTY_BODY = YES;
				CLANG_WARN_ENUM_CONVERSION = YES;
				CLANG_WARN_INFINITE_RECURSION = YES;
				CLANG_WARN_INT_CONVERSION = YES;
				CLANG_WARN_NON_LITERAL_NULL_CONVERSION = YES;
				CLANG_WARN_OBJC_IMPLICIT_RETAIN_SELF = YES;
				CLANG_WARN_OBJC_LITERAL_CONVERSION = YES;
				CLANG_WARN_OBJC_ROOT_CLASS = YES_ERROR;
				CLANG_WARN_QUOTED_INCLUDE_IN_FRAMEWORK_HEADER = YES;
				CLANG_WARN_RANGE_LOOP_ANALYSIS = YES;
				CLANG_WARN_STRICT_PROTOTYPES = YES;
				CLANG_WARN_SUSPICIOUS_MOVE = YES;
				CLANG_WARN_UNGUARDED_AVAILABILITY = YES_AGGRESSIVE;
				CLANG_WARN_UNREACHABLE_CODE = YES;
				CLANG_WARN__DUPLICATE_METHOD_MATCH = YES;
				COPY_PHASE_STRIP = NO;
				DEAD_CODE_STRIPPING = YES;
				DEBUG_INFORMATION_FORMAT = "dwarf-with-dsym";
				ENABLE_NS_ASSERTIONS = NO;
				ENABLE_STRICT_OBJC_MSGSEND = YES;
				ENABLE_USER_SCRIPT_SANDBOXING = YES;
				GCC_C_LANGUAGE_STANDARD = gnu17;
				GCC_NO_COMMON_BLOCKS = YES;
				GCC_WARN_64_TO_32_BIT_CONVERSION = YES;
				GCC_WARN_ABOUT_RETURN_TYPE = YES_ERROR;
				GCC_WARN_UNDECLARED_SELECTOR = YES;
				GCC_WARN_UNINITIALIZED_AUTOS = YES_AGGRESSIVE;
				GCC_WARN_UNUSED_FUNCTION = YES;
				GCC_WARN_UNUSED_VARIABLE = YES;
				MACOSX_DEPLOYMENT_TARGET = 14.0;
				MTL_ENABLE_DEBUG_INFO = NO;
				MTL_FAST_MATH = YES;
				SDKROOT = macosx;
				STRING_CATALOG_GENERATE_SYMBOLS = YES;
				SWIFT_COMPILATION_MODE = wholemodule;
			};
			name = Release;
		};
		AA700003 /* Debug */ = {
			isa = XCBuildConfiguration;
			buildSettings = {
				ASSETCATALOG_COMPILER_APPICON_NAME = AppIcon;
				CODE_SIGN_ENTITLEMENTS = Aawaaz.entitlements;
				CODE_SIGN_STYLE = Automatic;
				COMBINE_HIDPI_IMAGES = YES;
				CURRENT_PROJECT_VERSION = 1;
				DEAD_CODE_STRIPPING = YES;
				ENABLE_APP_SANDBOX = YES;
				ENABLE_OUTGOING_CONNECTIONS = YES;
				ENABLE_RESOURCE_ACCESS_AUDIO_INPUT = YES;
				GENERATE_INFOPLIST_FILE = YES;
				INFOPLIST_FILE = Info.plist;
				INFOPLIST_KEY_LSUIElement = YES;
				INFOPLIST_KEY_NSMicrophoneUsageDescription = "Aawaaz needs microphone access to transcribe your speech into text.";
				LD_RUNPATH_SEARCH_PATHS = (
					"$(inherited)",
					"@executable_path/../Frameworks",
				);
				MARKETING_VERSION = 0.1.0;
				PRODUCT_BUNDLE_IDENTIFIER = dev.shantanugoel.Aawaaz;
				PRODUCT_NAME = "$(TARGET_NAME)";
				SWIFT_EMIT_LOC_STRINGS = YES;
				SWIFT_VERSION = 5.0;
			};
			name = Debug;
		};
		AA700004 /* Release */ = {
			isa = XCBuildConfiguration;
			buildSettings = {
				ASSETCATALOG_COMPILER_APPICON_NAME = AppIcon;
				CODE_SIGN_ENTITLEMENTS = Aawaaz.entitlements;
				CODE_SIGN_STYLE = Automatic;
				COMBINE_HIDPI_IMAGES = YES;
				CURRENT_PROJECT_VERSION = 1;
				DEAD_CODE_STRIPPING = YES;
				ENABLE_APP_SANDBOX = YES;
				ENABLE_OUTGOING_CONNECTIONS = YES;
				ENABLE_RESOURCE_ACCESS_AUDIO_INPUT = YES;
				GENERATE_INFOPLIST_FILE = YES;
				INFOPLIST_FILE = Info.plist;
				INFOPLIST_KEY_LSUIElement = YES;
				INFOPLIST_KEY_NSMicrophoneUsageDescription = "Aawaaz needs microphone access to transcribe your speech into text.";
				LD_RUNPATH_SEARCH_PATHS = (
					"$(inherited)",
					"@executable_path/../Frameworks",
				);
				MARKETING_VERSION = 0.1.0;
				PRODUCT_BUNDLE_IDENTIFIER = dev.shantanugoel.Aawaaz;
				PRODUCT_NAME = "$(TARGET_NAME)";
				SWIFT_EMIT_LOC_STRINGS = YES;
				SWIFT_VERSION = 5.0;
			};
			name = Release;
		};
/* End XCBuildConfiguration section */

/* Begin XCConfigurationList section */
		AA600001 /* Build configuration list for PBXNativeTarget "Aawaaz" */ = {
			isa = XCConfigurationList;
			buildConfigurations = (
				AA700003 /* Debug */,
				AA700004 /* Release */,
			);
			defaultConfigurationIsVisible = 0;
			defaultConfigurationName = Release;
		};
		AA600010 /* Build configuration list for PBXProject "Aawaaz" */ = {
			isa = XCConfigurationList;
			buildConfigurations = (
				AA700001 /* Debug */,
				AA700002 /* Release */,
			);
			defaultConfigurationIsVisible = 0;
			defaultConfigurationName = Release;
		};
/* End XCConfigurationList section */

/* Begin XCLocalSwiftPackageReference section */
		AA900002 /* XCLocalSwiftPackageReference "." */ = {
			isa = XCLocalSwiftPackageReference;
			relativePath = .;
		};
/* End XCLocalSwiftPackageReference section */

/* Begin XCRemoteSwiftPackageReference section */
		AA900001 /* XCRemoteSwiftPackageReference "onnxruntime-swift-package-manager" */ = {
			isa = XCRemoteSwiftPackageReference;
			repositoryURL = "https://github.com/microsoft/onnxruntime-swift-package-manager";
			requirement = {
				kind = upToNextMajorVersion;
				minimumVersion = 1.16.0;
			};
		};
/* End XCRemoteSwiftPackageReference section */

/* Begin XCSwiftPackageProductDependency section */
		AA900010 /* onnxruntime */ = {
			isa = XCSwiftPackageProductDependency;
			package = AA900001 /* XCRemoteSwiftPackageReference "onnxruntime-swift-package-manager" */;
			productName = onnxruntime;
		};
		AA900020 /* whisper */ = {
			isa = XCSwiftPackageProductDependency;
			productName = whisper;
		};
/* End XCSwiftPackageProductDependency section */
	};
	rootObject = AA800001 /* Project object */;
}
