// !$*UTF8*$!
{
	archiveVersion = 1;
	classes = {
	};
	objectVersion = 60;
	objects = {

/* Begin PBXBuildFile section */
		AA000001 /* AawaazApp.swift in Sources */ = {isa = PBXBuildFile; fileRef = AA100001 /* AawaazApp.swift */; };
		AA000002 /* AppState.swift in Sources */ = {isa = PBXBuildFile; fileRef = AA100002 /* AppState.swift */; };
		AA000003 /* MenuBarView.swift in Sources */ = {isa = PBXBuildFile; fileRef = AA100003 /* MenuBarView.swift */; };
		AA000004 /* SettingsView.swift in Sources */ = {isa = PBXBuildFile; fileRef = AA100004 /* SettingsView.swift */; };
		AA000005 /* Assets.xcassets in Resources */ = {isa = PBXBuildFile; fileRef = AA100005 /* Assets.xcassets */; };
		AA000010 /* AudioCaptureManager.swift in Sources */ = {isa = PBXBuildFile; fileRef = AA100010 /* AudioCaptureManager.swift */; };
		AA000011 /* AudioDevice.swift in Sources */ = {isa = PBXBuildFile; fileRef = AA100011 /* AudioDevice.swift */; };
		AA000012 /* VADProcessor.swift in Sources */ = {isa = PBXBuildFile; fileRef = AA100012 /* VADProcessor.swift */; };
		AA000013 /* VADState.swift in Sources */ = {isa = PBXBuildFile; fileRef = AA100013 /* VADState.swift */; };
		AA000014 /* silero_vad.onnx in Resources */ = {isa = PBXBuildFile; fileRef = AA100014 /* silero_vad.onnx */; };
		AA000015 /* ModelManager.swift in Sources */ = {isa = PBXBuildFile; fileRef = AA100015 /* ModelManager.swift */; };
		AA000016 /* ModelCatalog.swift in Sources */ = {isa = PBXBuildFile; fileRef = AA100016 /* ModelCatalog.swift */; };
		AA000017 /* WhisperManager.swift in Sources */ = {isa = PBXBuildFile; fileRef = AA100017 /* WhisperManager.swift */; };
		AA000018 /* ModelDownloadView.swift in Sources */ = {isa = PBXBuildFile; fileRef = AA100018 /* ModelDownloadView.swift */; };
		AA000019 /* TranscriptionPipeline.swift in Sources */ = {isa = PBXBuildFile; fileRef = AA100019 /* TranscriptionPipeline.swift */; };
		AA000020 /* onnxruntime in Frameworks */ = {isa = PBXBuildFile; productRef = AA900010 /* onnxruntime */; };
		AA000021 /* whisper in Frameworks */ = {isa = PBXBuildFile; productRef = AA900020 /* whisper */; };
		AA000030 /* OverlayView.swift in Sources */ = {isa = PBXBuildFile; fileRef = AA100030 /* OverlayView.swift */; };
		AA000031 /* OverlayWindowController.swift in Sources */ = {isa = PBXBuildFile; fileRef = AA100031 /* OverlayWindowController.swift */; };
		AA000032 /* HotkeyConfiguration.swift in Sources */ = {isa = PBXBuildFile; fileRef = AA100032 /* HotkeyConfiguration.swift */; };
		AA000033 /* HotkeyManager.swift in Sources */ = {isa = PBXBuildFile; fileRef = AA100033 /* HotkeyManager.swift */; };
		AA000034 /* PermissionsManager.swift in Sources */ = {isa = PBXBuildFile; fileRef = AA100034 /* PermissionsManager.swift */; };
		AA000035 /* OnboardingView.swift in Sources */ = {isa = PBXBuildFile; fileRef = AA100035 /* OnboardingView.swift */; };
		AA000036 /* AppDelegate.swift in Sources */ = {isa = PBXBuildFile; fileRef = AA100036 /* AppDelegate.swift */; };
		AA000040 /* AccessibilityManager.swift in Sources */ = {isa = PBXBuildFile; fileRef = AA100040 /* AccessibilityManager.swift */; };
		AA000041 /* KeystrokeSimulator.swift in Sources */ = {isa = PBXBuildFile; fileRef = AA100041 /* KeystrokeSimulator.swift */; };
		AA000042 /* TextInsertionManager.swift in Sources */ = {isa = PBXBuildFile; fileRef = AA100042 /* TextInsertionManager.swift */; };
		AA000043 /* InsertionContext.swift in Sources */ = {isa = PBXBuildFile; fileRef = AA100043 /* InsertionContext.swift */; };
		AA000044 /* ShortcutRecorderView.swift in Sources */ = {isa = PBXBuildFile; fileRef = AA100044 /* ShortcutRecorderView.swift */; };
		AA000045 /* OverlayState.swift in Sources */ = {isa = PBXBuildFile; fileRef = AA100045 /* OverlayState.swift */; };
		AA000050 /* TextProcessingConfig.swift in Sources */ = {isa = PBXBuildFile; fileRef = AA100050 /* TextProcessingConfig.swift */; };
		AA000051 /* TextProcessor.swift in Sources */ = {isa = PBXBuildFile; fileRef = AA100051 /* TextProcessor.swift */; };
		AA000052 /* FillerWordRemover.swift in Sources */ = {isa = PBXBuildFile; fileRef = AA100052 /* FillerWordRemover.swift */; };
		AA000053 /* SelfCorrectionDetector.swift in Sources */ = {isa = PBXBuildFile; fileRef = AA100053 /* SelfCorrectionDetector.swift */; };
		AA000054 /* PostProcessor.swift in Sources */ = {isa = PBXBuildFile; fileRef = AA100054 /* PostProcessor.swift */; };
		AA000055 /* NoOpProcessor.swift in Sources */ = {isa = PBXBuildFile; fileRef = AA100055 /* NoOpProcessor.swift */; };
		AA000060 /* LLMSpikeRunner.swift in Sources */ = {isa = PBXBuildFile; fileRef = AA100060 /* LLMSpikeRunner.swift */; };
		AA000061 /* LLMModelCatalog.swift in Sources */ = {isa = PBXBuildFile; fileRef = AA100061 /* LLMModelCatalog.swift */; };
		AA000062 /* LocalLLMProcessor.swift in Sources */ = {isa = PBXBuildFile; fileRef = AA100062 /* LocalLLMProcessor.swift */; };
		AA000072 /* LLMModelManager.swift in Sources */ = {isa = PBXBuildFile; fileRef = AA100072 /* LLMModelManager.swift */; };
		AA000063 /* CleanupLevel.swift in Sources */ = {isa = PBXBuildFile; fileRef = AA100063 /* CleanupLevel.swift */; };
		AA000064 /* PostProcessingMode.swift in Sources */ = {isa = PBXBuildFile; fileRef = AA100064 /* PostProcessingMode.swift */; };
		AA000070 /* PostProcessingSettingsView.swift in Sources */ = {isa = PBXBuildFile; fileRef = AA100070 /* PostProcessingSettingsView.swift */; };
		AA000071 /* DevanagariTransliterator.swift in Sources */ = {isa = PBXBuildFile; fileRef = AA100071 /* DevanagariTransliterator.swift */; };
		AA000022 /* MLXLLM in Frameworks */ = {isa = PBXBuildFile; productRef = AA900030 /* MLXLLM */; };
		AA000023 /* MLXLMCommon in Frameworks */ = {isa = PBXBuildFile; productRef = AA900031 /* MLXLMCommon */; };
		AA000024 /* MLXVLM in Frameworks */ = {isa = PBXBuildFile; productRef = AA900032 /* MLXVLM */; };
		AAT00001 /* VADStateTests.swift in Sources */ = {isa = PBXBuildFile; fileRef = AAT10001 /* VADStateTests.swift */; };
		AAT00002 /* HotkeyConfigurationTests.swift in Sources */ = {isa = PBXBuildFile; fileRef = AAT10002 /* HotkeyConfigurationTests.swift */; };
		AAT00003 /* HotkeyManagerTests.swift in Sources */ = {isa = PBXBuildFile; fileRef = AAT10003 /* HotkeyManagerTests.swift */; };
		AAT00004 /* InsertionContextTests.swift in Sources */ = {isa = PBXBuildFile; fileRef = AAT10004 /* InsertionContextTests.swift */; };
		AAT00005 /* TextInsertionManagerTests.swift in Sources */ = {isa = PBXBuildFile; fileRef = AAT10005 /* TextInsertionManagerTests.swift */; };
		AAT00006 /* ModelPersistenceTests.swift in Sources */ = {isa = PBXBuildFile; fileRef = AAT10006 /* ModelPersistenceTests.swift */; };
		AAT00007 /* FillerWordRemoverTests.swift in Sources */ = {isa = PBXBuildFile; fileRef = AAT10007 /* FillerWordRemoverTests.swift */; };
		AAT00008 /* SelfCorrectionDetectorTests.swift in Sources */ = {isa = PBXBuildFile; fileRef = AAT10008 /* SelfCorrectionDetectorTests.swift */; };
		AAT00009 /* TextProcessorTests.swift in Sources */ = {isa = PBXBuildFile; fileRef = AAT10009 /* TextProcessorTests.swift */; };
		AAT00010 /* LLMSpikeTests.swift in Sources */ = {isa = PBXBuildFile; fileRef = AAT10010 /* LLMSpikeTests.swift */; };
		AAT00011 /* CleanupLevelTests.swift in Sources */ = {isa = PBXBuildFile; fileRef = AAT10011 /* CleanupLevelTests.swift */; };
		AAT00012 /* DevanagariTransliteratorTests.swift in Sources */ = {isa = PBXBuildFile; fileRef = AAT10012 /* DevanagariTransliteratorTests.swift */; };
/* End PBXBuildFile section */

/* Begin PBXFileReference section */
		AA100001 /* AawaazApp.swift */ = {isa = PBXFileReference; lastKnownFileType = sourcecode.swift; path = AawaazApp.swift; sourceTree = "<group>"; };
		AA100002 /* AppState.swift */ = {isa = PBXFileReference; lastKnownFileType = sourcecode.swift; path = AppState.swift; sourceTree = "<group>"; };
		AA100003 /* MenuBarView.swift */ = {isa = PBXFileReference; lastKnownFileType = sourcecode.swift; path = MenuBarView.swift; sourceTree = "<group>"; };
		AA100004 /* SettingsView.swift */ = {isa = PBXFileReference; lastKnownFileType = sourcecode.swift; path = SettingsView.swift; sourceTree = "<group>"; };
		AA100005 /* Assets.xcassets */ = {isa = PBXFileReference; lastKnownFileType = folder.assetcatalog; path = Assets.xcassets; sourceTree = "<group>"; };
		AA100006 /* Info.plist */ = {isa = PBXFileReference; lastKnownFileType = text.plist.xml; path = Info.plist; sourceTree = "<group>"; };
		AA100007 /* Aawaaz.entitlements */ = {isa = PBXFileReference; lastKnownFileType = text.plist.entitlements; path = Aawaaz.entitlements; sourceTree = "<group>"; };
		AA100008 /* Aawaaz.app */ = {isa = PBXFileReference; explicitFileType = wrapper.application; includeInIndex = 0; path = Aawaaz.app; sourceTree = BUILT_PRODUCTS_DIR; };
		AA100009 /* Package.swift */ = {isa = PBXFileReference; lastKnownFileType = sourcecode.swift; path = Package.swift; sourceTree = "<group>"; };
		AA100010 /* AudioCaptureManager.swift */ = {isa = PBXFileReference; lastKnownFileType = sourcecode.swift; path = AudioCaptureManager.swift; sourceTree = "<group>"; };
		AA100011 /* AudioDevice.swift */ = {isa = PBXFileReference; lastKnownFileType = sourcecode.swift; path = AudioDevice.swift; sourceTree = "<group>"; };
		AA100012 /* VADProcessor.swift */ = {isa = PBXFileReference; lastKnownFileType = sourcecode.swift; path = VADProcessor.swift; sourceTree = "<group>"; };
		AA100013 /* VADState.swift */ = {isa = PBXFileReference; lastKnownFileType = sourcecode.swift; path = VADState.swift; sourceTree = "<group>"; };
		AA100014 /* silero_vad.onnx */ = {isa = PBXFileReference; lastKnownFileType = file; path = silero_vad.onnx; sourceTree = "<group>"; };
		AA100015 /* ModelManager.swift */ = {isa = PBXFileReference; lastKnownFileType = sourcecode.swift; path = ModelManager.swift; sourceTree = "<group>"; };
		AA100016 /* ModelCatalog.swift */ = {isa = PBXFileReference; lastKnownFileType = sourcecode.swift; path = ModelCatalog.swift; sourceTree = "<group>"; };
		AA100017 /* WhisperManager.swift */ = {isa = PBXFileReference; lastKnownFileType = sourcecode.swift; path = WhisperManager.swift; sourceTree = "<group>"; };
		AA100018 /* ModelDownloadView.swift */ = {isa = PBXFileReference; lastKnownFileType = sourcecode.swift; path = ModelDownloadView.swift; sourceTree = "<group>"; };
		AA100019 /* TranscriptionPipeline.swift */ = {isa = PBXFileReference; lastKnownFileType = sourcecode.swift; path = TranscriptionPipeline.swift; sourceTree = "<group>"; };
		AA100030 /* OverlayView.swift */ = {isa = PBXFileReference; lastKnownFileType = sourcecode.swift; path = OverlayView.swift; sourceTree = "<group>"; };
		AA100031 /* OverlayWindowController.swift */ = {isa = PBXFileReference; lastKnownFileType = sourcecode.swift; path = OverlayWindowController.swift; sourceTree = "<group>"; };
		AA100032 /* HotkeyConfiguration.swift */ = {isa = PBXFileReference; lastKnownFileType = sourcecode.swift; path = HotkeyConfiguration.swift; sourceTree = "<group>"; };
		AA100033 /* HotkeyManager.swift */ = {isa = PBXFileReference; lastKnownFileType = sourcecode.swift; path = HotkeyManager.swift; sourceTree = "<group>"; };
		AA100034 /* PermissionsManager.swift */ = {isa = PBXFileReference; lastKnownFileType = sourcecode.swift; path = PermissionsManager.swift; sourceTree = "<group>"; };
		AA100035 /* OnboardingView.swift */ = {isa = PBXFileReference; lastKnownFileType = sourcecode.swift; path = OnboardingView.swift; sourceTree = "<group>"; };
		AA100036 /* AppDelegate.swift */ = {isa = PBXFileReference; lastKnownFileType = sourcecode.swift; path = AppDelegate.swift; sourceTree = "<group>"; };
		AA100040 /* AccessibilityManager.swift */ = {isa = PBXFileReference; lastKnownFileType = sourcecode.swift; path = AccessibilityManager.swift; sourceTree = "<group>"; };
		AA100041 /* KeystrokeSimulator.swift */ = {isa = PBXFileReference; lastKnownFileType = sourcecode.swift; path = KeystrokeSimulator.swift; sourceTree = "<group>"; };
		AA100042 /* TextInsertionManager.swift */ = {isa = PBXFileReference; lastKnownFileType = sourcecode.swift; path = TextInsertionManager.swift; sourceTree = "<group>"; };
		AA100043 /* InsertionContext.swift */ = {isa = PBXFileReference; lastKnownFileType = sourcecode.swift; path = InsertionContext.swift; sourceTree = "<group>"; };
		AA100044 /* ShortcutRecorderView.swift */ = {isa = PBXFileReference; lastKnownFileType = sourcecode.swift; path = ShortcutRecorderView.swift; sourceTree = "<group>"; };
		AA100045 /* OverlayState.swift */ = {isa = PBXFileReference; lastKnownFileType = sourcecode.swift; path = OverlayState.swift; sourceTree = "<group>"; };
		AA100050 /* TextProcessingConfig.swift */ = {isa = PBXFileReference; lastKnownFileType = sourcecode.swift; path = TextProcessingConfig.swift; sourceTree = "<group>"; };
		AA100051 /* TextProcessor.swift */ = {isa = PBXFileReference; lastKnownFileType = sourcecode.swift; path = TextProcessor.swift; sourceTree = "<group>"; };
		AA100052 /* FillerWordRemover.swift */ = {isa = PBXFileReference; lastKnownFileType = sourcecode.swift; path = FillerWordRemover.swift; sourceTree = "<group>"; };
		AA100053 /* SelfCorrectionDetector.swift */ = {isa = PBXFileReference; lastKnownFileType = sourcecode.swift; path = SelfCorrectionDetector.swift; sourceTree = "<group>"; };
		AA100054 /* PostProcessor.swift */ = {isa = PBXFileReference; lastKnownFileType = sourcecode.swift; path = PostProcessor.swift; sourceTree = "<group>"; };
		AA100055 /* NoOpProcessor.swift */ = {isa = PBXFileReference; lastKnownFileType = sourcecode.swift; path = NoOpProcessor.swift; sourceTree = "<group>"; };
		AA100060 /* LLMSpikeRunner.swift */ = {isa = PBXFileReference; lastKnownFileType = sourcecode.swift; path = LLMSpikeRunner.swift; sourceTree = "<group>"; };
		AA100061 /* LLMModelCatalog.swift */ = {isa = PBXFileReference; lastKnownFileType = sourcecode.swift; path = LLMModelCatalog.swift; sourceTree = "<group>"; };
		AA100062 /* LocalLLMProcessor.swift */ = {isa = PBXFileReference; lastKnownFileType = sourcecode.swift; path = LocalLLMProcessor.swift; sourceTree = "<group>"; };
		AA100072 /* LLMModelManager.swift */ = {isa = PBXFileReference; lastKnownFileType = sourcecode.swift; path = LLMModelManager.swift; sourceTree = "<group>"; };
		AA100063 /* CleanupLevel.swift */ = {isa = PBXFileReference; lastKnownFileType = sourcecode.swift; path = CleanupLevel.swift; sourceTree = "<group>"; };
		AA100064 /* PostProcessingMode.swift */ = {isa = PBXFileReference; lastKnownFileType = sourcecode.swift; path = PostProcessingMode.swift; sourceTree = "<group>"; };
		AA100070 /* PostProcessingSettingsView.swift */ = {isa = PBXFileReference; lastKnownFileType = sourcecode.swift; path = PostProcessingSettingsView.swift; sourceTree = "<group>"; };
		AA100071 /* DevanagariTransliterator.swift */ = {isa = PBXFileReference; lastKnownFileType = sourcecode.swift; path = DevanagariTransliterator.swift; sourceTree = "<group>"; };
		AAT10001 /* VADStateTests.swift */ = {isa = PBXFileReference; lastKnownFileType = sourcecode.swift; path = VADStateTests.swift; sourceTree = "<group>"; };
		AAT10002 /* HotkeyConfigurationTests.swift */ = {isa = PBXFileReference; lastKnownFileType = sourcecode.swift; path = HotkeyConfigurationTests.swift; sourceTree = "<group>"; };
		AAT10003 /* HotkeyManagerTests.swift */ = {isa = PBXFileReference; lastKnownFileType = sourcecode.swift; path = HotkeyManagerTests.swift; sourceTree = "<group>"; };
		AAT10004 /* InsertionContextTests.swift */ = {isa = PBXFileReference; lastKnownFileType = sourcecode.swift; path = InsertionContextTests.swift; sourceTree = "<group>"; };
		AAT10005 /* TextInsertionManagerTests.swift */ = {isa = PBXFileReference; lastKnownFileType = sourcecode.swift; path = TextInsertionManagerTests.swift; sourceTree = "<group>"; };
		AAT10006 /* ModelPersistenceTests.swift */ = {isa = PBXFileReference; lastKnownFileType = sourcecode.swift; path = ModelPersistenceTests.swift; sourceTree = "<group>"; };
		AAT10007 /* FillerWordRemoverTests.swift */ = {isa = PBXFileReference; lastKnownFileType = sourcecode.swift; path = FillerWordRemoverTests.swift; sourceTree = "<group>"; };
		AAT10008 /* SelfCorrectionDetectorTests.swift */ = {isa = PBXFileReference; lastKnownFileType = sourcecode.swift; path = SelfCorrectionDetectorTests.swift; sourceTree = "<group>"; };
		AAT10009 /* TextProcessorTests.swift */ = {isa = PBXFileReference; lastKnownFileType = sourcecode.swift; path = TextProcessorTests.swift; sourceTree = "<group>"; };
		AAT10010 /* LLMSpikeTests.swift */ = {isa = PBXFileReference; lastKnownFileType = sourcecode.swift; path = LLMSpikeTests.swift; sourceTree = "<group>"; };
		AAT10011 /* CleanupLevelTests.swift */ = {isa = PBXFileReference; lastKnownFileType = sourcecode.swift; path = CleanupLevelTests.swift; sourceTree = "<group>"; };
		AAT10012 /* DevanagariTransliteratorTests.swift */ = {isa = PBXFileReference; lastKnownFileType = sourcecode.swift; path = DevanagariTransliteratorTests.swift; sourceTree = "<group>"; };
		AAT10100 /* AawaazTests.xctest */ = {isa = PBXFileReference; explicitFileType = wrapper.cfbundle; includeInIndex = 0; path = AawaazTests.xctest; sourceTree = BUILT_PRODUCTS_DIR; };
/* End PBXFileReference section */

/* Begin PBXFrameworksBuildPhase section */
		AA200001 /* Frameworks */ = {
			isa = PBXFrameworksBuildPhase;
			buildActionMask = 2147483647;
			files = (
				AA000020 /* onnxruntime in Frameworks */,
				AA000021 /* whisper in Frameworks */,
				AA000022 /* MLXLLM in Frameworks */,
				AA000023 /* MLXLMCommon in Frameworks */,
				AA000024 /* MLXVLM in Frameworks */,
			);
			runOnlyForDeploymentPostprocessing = 0;
		};
		AAT20001 /* Frameworks */ = {
			isa = PBXFrameworksBuildPhase;
			buildActionMask = 2147483647;
			files = (
			);
			runOnlyForDeploymentPostprocessing = 0;
		};
/* End PBXFrameworksBuildPhase section */

/* Begin PBXGroup section */
		AA300000 = {
			isa = PBXGroup;
			children = (
				AA300001 /* Aawaaz */,
				AA300005 /* Resources */,
				AA300013 /* Tests */,
				AA300010 /* Products */,
			);
			sourceTree = "<group>";
		};
		AA300001 /* Aawaaz */ = {
			isa = PBXGroup;
			children = (
				AA100006 /* Info.plist */,
				AA100007 /* Aawaaz.entitlements */,
				AA100009 /* Package.swift */,
				AA300002 /* App */,
				AA300003 /* Views */,
				AA300004 /* Audio */,
				AA300006 /* VAD */,
				AA300007 /* Models */,
				AA300008 /* Transcription */,
				AA300009 /* Hotkey */,
				AA300011 /* Permissions */,
				AA300012 /* TextInsertion */,
				AA300014 /* TextProcessing */,
				AA300015 /* LLM */,
			);
			name = Aawaaz;
			sourceTree = "<group>";
		};
		AA300002 /* App */ = {
			isa = PBXGroup;
			children = (
				AA100001 /* AawaazApp.swift */,
				AA100002 /* AppState.swift */,
				AA100036 /* AppDelegate.swift */,
			);
			path = App;
			sourceTree = "<group>";
		};
		AA300003 /* Views */ = {
			isa = PBXGroup;
			children = (
				AA100003 /* MenuBarView.swift */,
				AA100004 /* SettingsView.swift */,
				AA100018 /* ModelDownloadView.swift */,
				AA100030 /* OverlayView.swift */,
				AA100031 /* OverlayWindowController.swift */,
				AA100045 /* OverlayState.swift */,
				AA100035 /* OnboardingView.swift */,
				AA100044 /* ShortcutRecorderView.swift */,
				AA100070 /* PostProcessingSettingsView.swift */,
			);
			path = Views;
			sourceTree = "<group>";
		};
		AA300004 /* Audio */ = {
			isa = PBXGroup;
			children = (
				AA100010 /* AudioCaptureManager.swift */,
				AA100011 /* AudioDevice.swift */,
			);
			path = Audio;
			sourceTree = "<group>";
		};
		AA300005 /* Resources */ = {
			isa = PBXGroup;
			children = (
				AA100005 /* Assets.xcassets */,
				AA100014 /* silero_vad.onnx */,
			);
			path = Resources;
			sourceTree = "<group>";
		};
		AA300006 /* VAD */ = {
			isa = PBXGroup;
			children = (
				AA100012 /* VADProcessor.swift */,
				AA100013 /* VADState.swift */,
			);
			path = VAD;
			sourceTree = "<group>";
		};
		AA300007 /* Models */ = {
			isa = PBXGroup;
			children = (
				AA100015 /* ModelManager.swift */,
				AA100016 /* ModelCatalog.swift */,
			);
			path = Models;
			sourceTree = "<group>";
		};
		AA300008 /* Transcription */ = {
			isa = PBXGroup;
			children = (
				AA100017 /* WhisperManager.swift */,
				AA100019 /* TranscriptionPipeline.swift */,
			);
			path = Transcription;
			sourceTree = "<group>";
		};
		AA300009 /* Hotkey */ = {
			isa = PBXGroup;
			children = (
				AA100032 /* HotkeyConfiguration.swift */,
				AA100033 /* HotkeyManager.swift */,
			);
			path = Hotkey;
			sourceTree = "<group>";
		};
		AA300010 /* Products */ = {
			isa = PBXGroup;
			children = (
				AA100008 /* Aawaaz.app */,
				AAT10100 /* AawaazTests.xctest */,
			);
			name = Products;
			sourceTree = "<group>";
		};
		AA300011 /* Permissions */ = {
			isa = PBXGroup;
			children = (
				AA100034 /* PermissionsManager.swift */,
			);
			path = Permissions;
			sourceTree = "<group>";
		};
		AA300012 /* TextInsertion */ = {
			isa = PBXGroup;
			children = (
				AA100040 /* AccessibilityManager.swift */,
				AA100041 /* KeystrokeSimulator.swift */,
				AA100042 /* TextInsertionManager.swift */,
				AA100043 /* InsertionContext.swift */,
			);
			path = TextInsertion;
			sourceTree = "<group>";
		};
		AA300013 /* Tests */ = {
			isa = PBXGroup;
			children = (
				AAT10001 /* VADStateTests.swift */,
				AAT10002 /* HotkeyConfigurationTests.swift */,
				AAT10003 /* HotkeyManagerTests.swift */,
				AAT10004 /* InsertionContextTests.swift */,
				AAT10005 /* TextInsertionManagerTests.swift */,
				AAT10006 /* ModelPersistenceTests.swift */,
				AAT10007 /* FillerWordRemoverTests.swift */,
				AAT10008 /* SelfCorrectionDetectorTests.swift */,
				AAT10009 /* TextProcessorTests.swift */,
				AAT10010 /* LLMSpikeTests.swift */,
				AAT10011 /* CleanupLevelTests.swift */,
				AAT10012 /* DevanagariTransliteratorTests.swift */,
			);
			path = Tests;
			sourceTree = "<group>";
		};
		AA300014 /* TextProcessing */ = {
			isa = PBXGroup;
			children = (
				AA100050 /* TextProcessingConfig.swift */,
				AA100051 /* TextProcessor.swift */,
				AA100052 /* FillerWordRemover.swift */,
				AA100053 /* SelfCorrectionDetector.swift */,
				AA100054 /* PostProcessor.swift */,
				AA100055 /* NoOpProcessor.swift */,
				AA100071 /* DevanagariTransliterator.swift */,
			);
			path = TextProcessing;
			sourceTree = "<group>";
		};
		AA300015 /* LLM */ = {
			isa = PBXGroup;
			children = (
				AA100063 /* CleanupLevel.swift */,
				AA100061 /* LLMModelCatalog.swift */,
				AA100072 /* LLMModelManager.swift */,
				AA100062 /* LocalLLMProcessor.swift */,
				AA100060 /* LLMSpikeRunner.swift */,
				AA100064 /* PostProcessingMode.swift */,
			);
			path = LLM;
			sourceTree = "<group>";
		};
/* End PBXGroup section */

/* Begin PBXNativeTarget section */
		AA400001 /* Aawaaz */ = {
			isa = PBXNativeTarget;
			buildConfigurationList = AA600001 /* Build configuration list for PBXNativeTarget "Aawaaz" */;
			buildPhases = (
				AA500001 /* Sources */,
				AA200001 /* Frameworks */,
				AA500002 /* Resources */,
			);
			buildRules = (
			);
			dependencies = (
			);
			name = Aawaaz;
			packageProductDependencies = (
				AA900010 /* onnxruntime */,
				AA900020 /* whisper */,
				AA900030 /* MLXLLM */,
				AA900031 /* MLXLMCommon */,
				AA900032 /* MLXVLM */,
			);
			productName = Aawaaz;
			productReference = AA100008 /* Aawaaz.app */;
			productType = "com.apple.product-type.application";
		};
		AAT40010 /* AawaazTests */ = {
			isa = PBXNativeTarget;
			buildConfigurationList = AAT60001 /* Build configuration list for PBXNativeTarget "AawaazTests" */;
			buildPhases = (
				AAT50001 /* Sources */,
				AAT20001 /* Frameworks */,
			);
			buildRules = (
			);
			dependencies = (
				AAT40001 /* PBXTargetDependency */,
			);
			name = AawaazTests;
			productName = AawaazTests;
			productReference = AAT10100 /* AawaazTests.xctest */;
			productType = "com.apple.product-type.bundle.unit-test";
		};
/* End PBXNativeTarget section */

/* Begin PBXContainerItemProxy section */
		AAT30001 /* PBXContainerItemProxy */ = {
			isa = PBXContainerItemProxy;
			containerPortal = AA800001 /* Project object */;
			proxyType = 1;
			remoteGlobalIDString = AA400001;
			remoteInfo = Aawaaz;
		};
/* End PBXContainerItemProxy section */

/* Begin PBXTargetDependency section */
		AAT40001 /* PBXTargetDependency */ = {
			isa = PBXTargetDependency;
			target = AA400001 /* Aawaaz */;
			targetProxy = AAT30001 /* PBXContainerItemProxy */;
		};
/* End PBXTargetDependency section */

/* Begin PBXProject section */
		AA800001 /* Project object */ = {
			isa = PBXProject;
			attributes = {
				BuildIndependentTargetsInParallel = 1;
				LastSwiftUpdateCheck = 1500;
				LastUpgradeCheck = 2610;
				TargetAttributes = {
					AA400001 = {
						CreatedOnToolsVersion = 15.0;
					};
					AAT40010 = {
						CreatedOnToolsVersion = 15.0;
						TestTargetID = AA400001;
					};
				};
			};
			buildConfigurationList = AA600010 /* Build configuration list for PBXProject "Aawaaz" */;
			compatibilityVersion = "Xcode 14.0";
			developmentRegion = en;
			hasScannedForEncodings = 0;
			knownRegions = (
				en,
				Base,
			);
			mainGroup = AA300000;
			packageReferences = (
				AA900001 /* XCRemoteSwiftPackageReference "onnxruntime-swift-package-manager" */,
				AA900002 /* XCLocalSwiftPackageReference "." */,
				AA900003 /* XCRemoteSwiftPackageReference "mlx-swift-lm" */,
			);
			productRefGroup = AA300010 /* Products */;
			projectDirPath = "";
			projectRoot = "";
			targets = (
				AA400001 /* Aawaaz */,
				AAT40010 /* AawaazTests */,
			);
		};
/* End PBXProject section */

/* Begin PBXResourcesBuildPhase section */
		AA500002 /* Resources */ = {
			isa = PBXResourcesBuildPhase;
			buildActionMask = 2147483647;
			files = (
				AA000005 /* Assets.xcassets in Resources */,
				AA000014 /* silero_vad.onnx in Resources */,
			);
			runOnlyForDeploymentPostprocessing = 0;
		};
/* End PBXResourcesBuildPhase section */

/* Begin PBXSourcesBuildPhase section */
		AA500001 /* Sources */ = {
			isa = PBXSourcesBuildPhase;
			buildActionMask = 2147483647;
			files = (
				AA000001 /* AawaazApp.swift in Sources */,
				AA000002 /* AppState.swift in Sources */,
				AA000003 /* MenuBarView.swift in Sources */,
				AA000004 /* SettingsView.swift in Sources */,
				AA000010 /* AudioCaptureManager.swift in Sources */,
				AA000011 /* AudioDevice.swift in Sources */,
				AA000012 /* VADProcessor.swift in Sources */,
				AA000013 /* VADState.swift in Sources */,
				AA000015 /* ModelManager.swift in Sources */,
				AA000016 /* ModelCatalog.swift in Sources */,
				AA000017 /* WhisperManager.swift in Sources */,
				AA000018 /* ModelDownloadView.swift in Sources */,
				AA000019 /* TranscriptionPipeline.swift in Sources */,
				AA000030 /* OverlayView.swift in Sources */,
				AA000031 /* OverlayWindowController.swift in Sources */,
				AA000032 /* HotkeyConfiguration.swift in Sources */,
				AA000033 /* HotkeyManager.swift in Sources */,
				AA000034 /* PermissionsManager.swift in Sources */,
				AA000035 /* OnboardingView.swift in Sources */,
				AA000036 /* AppDelegate.swift in Sources */,
				AA000040 /* AccessibilityManager.swift in Sources */,
				AA000041 /* KeystrokeSimulator.swift in Sources */,
				AA000042 /* TextInsertionManager.swift in Sources */,
				AA000043 /* InsertionContext.swift in Sources */,
				AA000044 /* ShortcutRecorderView.swift in Sources */,
				AA000045 /* OverlayState.swift in Sources */,
				AA000050 /* TextProcessingConfig.swift in Sources */,
				AA000051 /* TextProcessor.swift in Sources */,
				AA000052 /* FillerWordRemover.swift in Sources */,
				AA000053 /* SelfCorrectionDetector.swift in Sources */,
				AA000054 /* PostProcessor.swift in Sources */,
				AA000055 /* NoOpProcessor.swift in Sources */,
				AA000060 /* LLMSpikeRunner.swift in Sources */,
				AA000061 /* LLMModelCatalog.swift in Sources */,
				AA000062 /* LocalLLMProcessor.swift in Sources */,
				AA000072 /* LLMModelManager.swift in Sources */,
				AA000063 /* CleanupLevel.swift in Sources */,
				AA000064 /* PostProcessingMode.swift in Sources */,
				AA000070 /* PostProcessingSettingsView.swift in Sources */,
				AA000071 /* DevanagariTransliterator.swift in Sources */,
			);
			runOnlyForDeploymentPostprocessing = 0;
		};
		AAT50001 /* Sources */ = {
			isa = PBXSourcesBuildPhase;
			buildActionMask = 2147483647;
			files = (
				AAT00001 /* VADStateTests.swift in Sources */,
				AAT00002 /* HotkeyConfigurationTests.swift in Sources */,
				AAT00003 /* HotkeyManagerTests.swift in Sources */,
				AAT00004 /* InsertionContextTests.swift in Sources */,
				AAT00005 /* TextInsertionManagerTests.swift in Sources */,
				AAT00006 /* ModelPersistenceTests.swift in Sources */,
				AAT00007 /* FillerWordRemoverTests.swift in Sources */,
				AAT00008 /* SelfCorrectionDetectorTests.swift in Sources */,
				AAT00009 /* TextProcessorTests.swift in Sources */,
				AAT00010 /* LLMSpikeTests.swift in Sources */,
				AAT00011 /* CleanupLevelTests.swift in Sources */,
				AAT00012 /* DevanagariTransliteratorTests.swift in Sources */,
			);
			runOnlyForDeploymentPostprocessing = 0;
		};
/* End PBXSourcesBuildPhase section */

/* Begin XCBuildConfiguration section */
		AA700001 /* Debug */ = {
			isa = XCBuildConfiguration;
			buildSettings = {
				ALWAYS_SEARCH_USER_PATHS = NO;
				ASSETCATALOG_COMPILER_GENERATE_SWIFT_ASSET_SYMBOL_EXTENSIONS = YES;
				CLANG_ANALYZER_NONNULL = YES;
				CLANG_ANALYZER_NUMBER_OBJECT_CONVERSION = YES_AGGRESSIVE;
				CLANG_CXX_LANGUAGE_STANDARD = "gnu++20";
				CLANG_ENABLE_MODULES = YES;
				CLANG_ENABLE_OBJC_ARC = YES;
				CLANG_ENABLE_OBJC_WEAK = YES;
				CLANG_WARN_BLOCK_CAPTURE_AUTORELEASING = YES;
				CLANG_WARN_BOOL_CONVERSION = YES;
				CLANG_WARN_COMMA = YES;
				CLANG_WARN_CONSTANT_CONVERSION = YES;
				CLANG_WARN_DEPRECATED_OBJC_IMPLEMENTATIONS = YES;
				CLANG_WARN_DIRECT_OBJC_ISA_USAGE = YES_ERROR;
				CLANG_WARN_DOCUMENTATION_COMMENTS = YES;
				CLANG_WARN_EMPTY_BODY = YES;
				CLANG_WARN_ENUM_CONVERSION = YES;
				CLANG_WARN_INFINITE_RECURSION = YES;
				CLANG_WARN_INT_CONVERSION = YES;
				CLANG_WARN_NON_LITERAL_NULL_CONVERSION = YES;
				CLANG_WARN_OBJC_IMPLICIT_RETAIN_SELF = YES;
				CLANG_WARN_OBJC_LITERAL_CONVERSION = YES;
				CLANG_WARN_OBJC_ROOT_CLASS = YES_ERROR;
				CLANG_WARN_QUOTED_INCLUDE_IN_FRAMEWORK_HEADER = YES;
				CLANG_WARN_RANGE_LOOP_ANALYSIS = YES;
				CLANG_WARN_STRICT_PROTOTYPES = YES;
				CLANG_WARN_SUSPICIOUS_MOVE = YES;
				CLANG_WARN_UNGUARDED_AVAILABILITY = YES_AGGRESSIVE;
				CLANG_WARN_UNREACHABLE_CODE = YES;
				CLANG_WARN__DUPLICATE_METHOD_MATCH = YES;
				COPY_PHASE_STRIP = NO;
				DEAD_CODE_STRIPPING = YES;
				DEBUG_INFORMATION_FORMAT = dwarf;
				ENABLE_STRICT_OBJC_MSGSEND = YES;
				ENABLE_TESTABILITY = YES;
				ENABLE_USER_SCRIPT_SANDBOXING = YES;
				GCC_C_LANGUAGE_STANDARD = gnu17;
				GCC_DYNAMIC_NO_PIC = NO;
				GCC_NO_COMMON_BLOCKS = YES;
				GCC_OPTIMIZATION_LEVEL = 0;
				GCC_PREPROCESSOR_DEFINITIONS = (
					"DEBUG=1",
					"$(inherited)",
				);
				GCC_WARN_64_TO_32_BIT_CONVERSION = YES;
				GCC_WARN_ABOUT_RETURN_TYPE = YES_ERROR;
				GCC_WARN_UNDECLARED_SELECTOR = YES;
				GCC_WARN_UNINITIALIZED_AUTOS = YES_AGGRESSIVE;
				GCC_WARN_UNUSED_FUNCTION = YES;
				GCC_WARN_UNUSED_VARIABLE = YES;
				MACOSX_DEPLOYMENT_TARGET = 14.0;
				MTL_ENABLE_DEBUG_INFO = INCLUDE_SOURCE;
				MTL_FAST_MATH = YES;
				ONLY_ACTIVE_ARCH = YES;
				SDKROOT = macosx;
				STRING_CATALOG_GENERATE_SYMBOLS = YES;
				SWIFT_ACTIVE_COMPILATION_CONDITIONS = "DEBUG $(inherited)";
				SWIFT_OPTIMIZATION_LEVEL = "-Onone";
			};
			name = Debug;
		};
		AA700002 /* Release */ = {
			isa = XCBuildConfiguration;
			buildSettings = {
				ALWAYS_SEARCH_USER_PATHS = NO;
				ASSETCATALOG_COMPILER_GENERATE_SWIFT_ASSET_SYMBOL_EXTENSIONS = YES;
				CLANG_ANALYZER_NONNULL = YES;
				CLANG_ANALYZER_NUMBER_OBJECT_CONVERSION = YES_AGGRESSIVE;
				CLANG_CXX_LANGUAGE_STANDARD = "gnu++20";
				CLANG_ENABLE_MODULES = YES;
				CLANG_ENABLE_OBJC_ARC = YES;
				CLANG_ENABLE_OBJC_WEAK = YES;
				CLANG_WARN_BLOCK_CAPTURE_AUTORELEASING = YES;
				CLANG_WARN_BOOL_CONVERSION = YES;
				CLANG_WARN_COMMA = YES;
				CLANG_WARN_CONSTANT_CONVERSION = YES;
				CLANG_WARN_DEPRECATED_OBJC_IMPLEMENTATIONS = YES;
				CLANG_WARN_DIRECT_OBJC_ISA_USAGE = YES_ERROR;
				CLANG_WARN_DOCUMENTATION_COMMENTS = YES;
				CLANG_WARN_EMPTY_BODY = YES;
				CLANG_WARN_ENUM_CONVERSION = YES;
				CLANG_WARN_INFINITE_RECURSION = YES;
				CLANG_WARN_INT_CONVERSION = YES;
				CLANG_WARN_NON_LITERAL_NULL_CONVERSION = YES;
				CLANG_WARN_OBJC_IMPLICIT_RETAIN_SELF = YES;
				CLANG_WARN_OBJC_LITERAL_CONVERSION = YES;
				CLANG_WARN_OBJC_ROOT_CLASS = YES_ERROR;
				CLANG_WARN_QUOTED_INCLUDE_IN_FRAMEWORK_HEADER = YES;
				CLANG_WARN_RANGE_LOOP_ANALYSIS = YES;
				CLANG_WARN_STRICT_PROTOTYPES = YES;
				CLANG_WARN_SUSPICIOUS_MOVE = YES;
				CLANG_WARN_UNGUARDED_AVAILABILITY = YES_AGGRESSIVE;
				CLANG_WARN_UNREACHABLE_CODE = YES;
				CLANG_WARN__DUPLICATE_METHOD_MATCH = YES;
				COPY_PHASE_STRIP = NO;
				DEAD_CODE_STRIPPING = YES;
				DEBUG_INFORMATION_FORMAT = "dwarf-with-dsym";
				ENABLE_NS_ASSERTIONS = NO;
				ENABLE_STRICT_OBJC_MSGSEND = YES;
				ENABLE_USER_SCRIPT_SANDBOXING = YES;
				GCC_C_LANGUAGE_STANDARD = gnu17;
				GCC_NO_COMMON_BLOCKS = YES;
				GCC_WARN_64_TO_32_BIT_CONVERSION = YES;
				GCC_WARN_ABOUT_RETURN_TYPE = YES_ERROR;
				GCC_WARN_UNDECLARED_SELECTOR = YES;
				GCC_WARN_UNINITIALIZED_AUTOS = YES_AGGRESSIVE;
				GCC_WARN_UNUSED_FUNCTION = YES;
				GCC_WARN_UNUSED_VARIABLE = YES;
				MACOSX_DEPLOYMENT_TARGET = 14.0;
				MTL_ENABLE_DEBUG_INFO = NO;
				MTL_FAST_MATH = YES;
				SDKROOT = macosx;
				STRING_CATALOG_GENERATE_SYMBOLS = YES;
				SWIFT_COMPILATION_MODE = wholemodule;
			};
			name = Release;
		};
		AA700003 /* Debug */ = {
			isa = XCBuildConfiguration;
			buildSettings = {
				ASSETCATALOG_COMPILER_APPICON_NAME = AppIcon;
				CODE_SIGN_ENTITLEMENTS = Aawaaz.entitlements;
				CODE_SIGN_STYLE = Automatic;
				COMBINE_HIDPI_IMAGES = YES;
				CURRENT_PROJECT_VERSION = 1;
				DEAD_CODE_STRIPPING = YES;
				ENABLE_APP_SANDBOX = YES;
				ENABLE_OUTGOING_CONNECTIONS = YES;
				ENABLE_RESOURCE_ACCESS_AUDIO_INPUT = YES;
				GENERATE_INFOPLIST_FILE = YES;
				INFOPLIST_FILE = Info.plist;
				INFOPLIST_KEY_LSUIElement = YES;
				INFOPLIST_KEY_NSMicrophoneUsageDescription = "Aawaaz needs microphone access to transcribe your speech into text.";
				LD_RUNPATH_SEARCH_PATHS = (
					"$(inherited)",
					"@executable_path/../Frameworks",
				);
				MARKETING_VERSION = 0.3.0;
				PRODUCT_BUNDLE_IDENTIFIER = dev.shantanugoel.Aawaaz;
				PRODUCT_NAME = "$(TARGET_NAME)";
				SWIFT_EMIT_LOC_STRINGS = YES;
				SWIFT_VERSION = 5.0;
			};
			name = Debug;
		};
		AA700004 /* Release */ = {
			isa = XCBuildConfiguration;
			buildSettings = {
				ASSETCATALOG_COMPILER_APPICON_NAME = AppIcon;
				CODE_SIGN_ENTITLEMENTS = Aawaaz.entitlements;
				CODE_SIGN_STYLE = Automatic;
				COMBINE_HIDPI_IMAGES = YES;
				CURRENT_PROJECT_VERSION = 1;
				DEAD_CODE_STRIPPING = YES;
				ENABLE_APP_SANDBOX = YES;
				ENABLE_OUTGOING_CONNECTIONS = YES;
				ENABLE_RESOURCE_ACCESS_AUDIO_INPUT = YES;
				GENERATE_INFOPLIST_FILE = YES;
				INFOPLIST_FILE = Info.plist;
				INFOPLIST_KEY_LSUIElement = YES;
				INFOPLIST_KEY_NSMicrophoneUsageDescription = "Aawaaz needs microphone access to transcribe your speech into text.";
				LD_RUNPATH_SEARCH_PATHS = (
					"$(inherited)",
					"@executable_path/../Frameworks",
				);
				MARKETING_VERSION = 0.3.0;
				PRODUCT_BUNDLE_IDENTIFIER = dev.shantanugoel.Aawaaz;
				PRODUCT_NAME = "$(TARGET_NAME)";
				SWIFT_EMIT_LOC_STRINGS = YES;
				SWIFT_VERSION = 5.0;
			};
			name = Release;
		};
		AAT70001 /* Debug */ = {
			isa = XCBuildConfiguration;
			buildSettings = {
				BUNDLE_LOADER = "$(TEST_HOST)";
				CODE_SIGN_STYLE = Automatic;
				CURRENT_PROJECT_VERSION = 1;
				DEAD_CODE_STRIPPING = YES;
				GENERATE_INFOPLIST_FILE = YES;
				MACOSX_DEPLOYMENT_TARGET = 14.0;
				PRODUCT_BUNDLE_IDENTIFIER = dev.shantanugoel.AawaazTests;
				PRODUCT_NAME = "$(TARGET_NAME)";
				SWIFT_EMIT_LOC_STRINGS = NO;
				SWIFT_VERSION = 5.0;
				TEST_HOST = "$(BUILT_PRODUCTS_DIR)/Aawaaz.app/Contents/MacOS/Aawaaz";
			};
			name = Debug;
		};
		AAT70002 /* Release */ = {
			isa = XCBuildConfiguration;
			buildSettings = {
				BUNDLE_LOADER = "$(TEST_HOST)";
				CODE_SIGN_STYLE = Automatic;
				CURRENT_PROJECT_VERSION = 1;
				DEAD_CODE_STRIPPING = YES;
				GENERATE_INFOPLIST_FILE = YES;
				MACOSX_DEPLOYMENT_TARGET = 14.0;
				PRODUCT_BUNDLE_IDENTIFIER = dev.shantanugoel.AawaazTests;
				PRODUCT_NAME = "$(TARGET_NAME)";
				SWIFT_EMIT_LOC_STRINGS = NO;
				SWIFT_VERSION = 5.0;
				TEST_HOST = "$(BUILT_PRODUCTS_DIR)/Aawaaz.app/Contents/MacOS/Aawaaz";
			};
			name = Release;
		};
/* End XCBuildConfiguration section */

/* Begin XCConfigurationList section */
		AA600001 /* Build configuration list for PBXNativeTarget "Aawaaz" */ = {
			isa = XCConfigurationList;
			buildConfigurations = (
				AA700003 /* Debug */,
				AA700004 /* Release */,
			);
			defaultConfigurationIsVisible = 0;
			defaultConfigurationName = Release;
		};
		AAT60001 /* Build configuration list for PBXNativeTarget "AawaazTests" */ = {
			isa = XCConfigurationList;
			buildConfigurations = (
				AAT70001 /* Debug */,
				AAT70002 /* Release */,
			);
			defaultConfigurationIsVisible = 0;
			defaultConfigurationName = Release;
		};
		AA600010 /* Build configuration list for PBXProject "Aawaaz" */ = {
			isa = XCConfigurationList;
			buildConfigurations = (
				AA700001 /* Debug */,
				AA700002 /* Release */,
			);
			defaultConfigurationIsVisible = 0;
			defaultConfigurationName = Release;
		};
/* End XCConfigurationList section */

/* Begin XCLocalSwiftPackageReference section */
		AA900002 /* XCLocalSwiftPackageReference "." */ = {
			isa = XCLocalSwiftPackageReference;
			relativePath = .;
		};
/* End XCLocalSwiftPackageReference section */

/* Begin XCRemoteSwiftPackageReference section */
		AA900001 /* XCRemoteSwiftPackageReference "onnxruntime-swift-package-manager" */ = {
			isa = XCRemoteSwiftPackageReference;
			repositoryURL = "https://github.com/microsoft/onnxruntime-swift-package-manager";
			requirement = {
				kind = upToNextMajorVersion;
				minimumVersion = 1.16.0;
			};
		};
		AA900003 /* XCRemoteSwiftPackageReference "mlx-swift-lm" */ = {
			isa = XCRemoteSwiftPackageReference;
			repositoryURL = "https://github.com/ml-explore/mlx-swift-lm";
			requirement = {
				kind = revision;
				revision = 405162196eb484eeaa4afcc7bd354f9b559a11d5;
			};
		};
/* End XCRemoteSwiftPackageReference section */

/* Begin XCSwiftPackageProductDependency section */
		AA900010 /* onnxruntime */ = {
			isa = XCSwiftPackageProductDependency;
			package = AA900001 /* XCRemoteSwiftPackageReference "onnxruntime-swift-package-manager" */;
			productName = onnxruntime;
		};
		AA900020 /* whisper */ = {
			isa = XCSwiftPackageProductDependency;
			productName = whisper;
		};
		AA900030 /* MLXLLM */ = {
			isa = XCSwiftPackageProductDependency;
			package = AA900003 /* XCRemoteSwiftPackageReference "mlx-swift-lm" */;
			productName = MLXLLM;
		};
		AA900031 /* MLXLMCommon */ = {
			isa = XCSwiftPackageProductDependency;
			package = AA900003 /* XCRemoteSwiftPackageReference "mlx-swift-lm" */;
			productName = MLXLMCommon;
		};
		AA900032 /* MLXVLM */ = {
			isa = XCSwiftPackageProductDependency;
			package = AA900003 /* XCRemoteSwiftPackageReference "mlx-swift-lm" */;
			productName = MLXVLM;
		};
/* End XCSwiftPackageProductDependency section */
	};
	rootObject = AA800001 /* Project object */;
}
